
Microsoft Visual Studio Solution File, Format Version 12.00
# Visual Studio Version 16
VisualStudioVersion = 16.0.31105.61
MinimumVisualStudioVersion = 10.0.40219.1
Project("{FAE04EC0-301F-11D3-BF4B-00C04F79EFBC}") = "TitleChanger", "TitleChanger\TitleChanger.csproj", "{DB4B12F0-10C6-4458-9EF2-66DC24A9CAB5}"
EndProject
Global
	GlobalSection(SolutionConfigurationPlatforms) = preSolution
		Debug|Any CPU = Debug|Any CPU
		Release|Any CPU = Release|Any CPU
	EndGlobalSection
	GlobalSection(ProjectConfigurationPlatforms) = postSolution
		{DB4B12F0-10C6-4458-9EF2-66DC24A9CAB5}.Debug|Any CPU.ActiveCfg = Debug|Any CPU
		{DB4B12F0-10C6-4458-9EF2-66DC24A9CAB5}.Debug|Any CPU.Build.0 = Debug|Any CPU
		{DB4B12F0-10C6-4458-9EF2-66DC24A9CAB5}.Release|Any CPU.ActiveCfg = Release|Any CPU
		{DB4B12F0-10C6-4458-9EF2-66DC24A9CAB5}.Release|Any CPU.Build.0 = Release|Any CPU
	EndGlobalSection
	GlobalSection(SolutionProperties) = preSolution
		HideSolutionNode = FALSE
	EndGlobalSection
	GlobalSection(ExtensibilityGlobals) = postSolution
		SolutionGuid = {50DEED28-FDDD-4551-BA54-C3E9028F6038}
	EndGlobalSection
EndGlobal
